
Microsoft Visual Studio Solution File, Format Version 12.00
# Visual Studio Version 16
VisualStudioVersion = 16.0.31911.196
MinimumVisualStudioVersion = 10.0.40219.1
Project("{FAE04EC0-301F-11D3-BF4B-00C04F79EFBC}") = "Personal_Project_Game", "Personal_Project_Game.csproj", "{5579EE62-5ED6-47F9-8791-B050619603B1}"
EndProject
Global
	GlobalSection(SolutionConfigurationPlatforms) = preSolution
		Debug|Any CPU = Debug|Any CPU
		Release|Any CPU = Release|Any CPU
	EndGlobalSection
	GlobalSection(ProjectConfigurationPlatforms) = postSolution
		{5579EE62-5ED6-47F9-8791-B050619603B1}.Debug|Any CPU.ActiveCfg = Debug|Any CPU
		{5579EE62-5ED6-47F9-8791-B050619603B1}.Debug|Any CPU.Build.0 = Debug|Any CPU
		{5579EE62-5ED6-47F9-8791-B050619603B1}.Release|Any CPU.ActiveCfg = Release|Any CPU
		{5579EE62-5ED6-47F9-8791-B050619603B1}.Release|Any CPU.Build.0 = Release|Any CPU
	EndGlobalSection
	GlobalSection(SolutionProperties) = preSolution
		HideSolutionNode = FALSE
	EndGlobalSection
	GlobalSection(ExtensibilityGlobals) = postSolution
		SolutionGuid = {360CFB6B-6CC6-4EAF-A8DE-41EA99C61103}
	EndGlobalSection
EndGlobal
